
Microsoft Visual Studio Solution File, Format Version 12.00
# Visual Studio 15
VisualStudioVersion = 15.0.28307.757
MinimumVisualStudioVersion = 10.0.40219.1
Project("{FAE04EC0-301F-11D3-BF4B-00C04F79EFBC}") = "1105 채팅 프로그램 1대일 클라이언트", "1105 채팅 프로그램 1대일 클라이언트\1105 채팅 프로그램 1대일 클라이언트.csproj", "{2A84C2A3-CF02-4471-8380-EC70B4CE280C}"
EndProject
Global
	GlobalSection(SolutionConfigurationPlatforms) = preSolution
		Debug|Any CPU = Debug|Any CPU
		Release|Any CPU = Release|Any CPU
	EndGlobalSection
	GlobalSection(ProjectConfigurationPlatforms) = postSolution
		{2A84C2A3-CF02-4471-8380-EC70B4CE280C}.Debug|Any CPU.ActiveCfg = Debug|Any CPU
		{2A84C2A3-CF02-4471-8380-EC70B4CE280C}.Debug|Any CPU.Build.0 = Debug|Any CPU
		{2A84C2A3-CF02-4471-8380-EC70B4CE280C}.Release|Any CPU.ActiveCfg = Release|Any CPU
		{2A84C2A3-CF02-4471-8380-EC70B4CE280C}.Release|Any CPU.Build.0 = Release|Any CPU
	EndGlobalSection
	GlobalSection(SolutionProperties) = preSolution
		HideSolutionNode = FALSE
	EndGlobalSection
	GlobalSection(ExtensibilityGlobals) = postSolution
		SolutionGuid = {06E92BD2-9FBA-4744-850D-32BDC421E9C6}
	EndGlobalSection
EndGlobal
