
Microsoft Visual Studio Solution File, Format Version 12.00
# Visual Studio 15
VisualStudioVersion = 15.0.28307.757
MinimumVisualStudioVersion = 10.0.40219.1
Project("{FAE04EC0-301F-11D3-BF4B-00C04F79EFBC}") = "1025(WPF 앱으로", "1025(WPF 앱으로\1025(WPF 앱으로.csproj", "{B9D9CF91-A232-49EC-97C3-E1FA7293A50F}"
EndProject
Global
	GlobalSection(SolutionConfigurationPlatforms) = preSolution
		Debug|Any CPU = Debug|Any CPU
		Release|Any CPU = Release|Any CPU
	EndGlobalSection
	GlobalSection(ProjectConfigurationPlatforms) = postSolution
		{B9D9CF91-A232-49EC-97C3-E1FA7293A50F}.Debug|Any CPU.ActiveCfg = Debug|Any CPU
		{B9D9CF91-A232-49EC-97C3-E1FA7293A50F}.Debug|Any CPU.Build.0 = Debug|Any CPU
		{B9D9CF91-A232-49EC-97C3-E1FA7293A50F}.Release|Any CPU.ActiveCfg = Release|Any CPU
		{B9D9CF91-A232-49EC-97C3-E1FA7293A50F}.Release|Any CPU.Build.0 = Release|Any CPU
	EndGlobalSection
	GlobalSection(SolutionProperties) = preSolution
		HideSolutionNode = FALSE
	EndGlobalSection
	GlobalSection(ExtensibilityGlobals) = postSolution
		SolutionGuid = {7EA853A6-BB05-496C-97E7-BF05B3E0C6AE}
	EndGlobalSection
EndGlobal
