
Microsoft Visual Studio Solution File, Format Version 12.00
# Visual Studio 15
VisualStudioVersion = 15.0.28307.757
MinimumVisualStudioVersion = 10.0.40219.1
Project("{FAE04EC0-301F-11D3-BF4B-00C04F79EFBC}") = "1104 오후 실습", "1104 오후 실습\1104 오후 실습.csproj", "{D67AF938-60BF-4B3D-8DD7-B4F3889823EF}"
EndProject
Global
	GlobalSection(SolutionConfigurationPlatforms) = preSolution
		Debug|Any CPU = Debug|Any CPU
		Release|Any CPU = Release|Any CPU
	EndGlobalSection
	GlobalSection(ProjectConfigurationPlatforms) = postSolution
		{D67AF938-60BF-4B3D-8DD7-B4F3889823EF}.Debug|Any CPU.ActiveCfg = Debug|Any CPU
		{D67AF938-60BF-4B3D-8DD7-B4F3889823EF}.Debug|Any CPU.Build.0 = Debug|Any CPU
		{D67AF938-60BF-4B3D-8DD7-B4F3889823EF}.Release|Any CPU.ActiveCfg = Release|Any CPU
		{D67AF938-60BF-4B3D-8DD7-B4F3889823EF}.Release|Any CPU.Build.0 = Release|Any CPU
	EndGlobalSection
	GlobalSection(SolutionProperties) = preSolution
		HideSolutionNode = FALSE
	EndGlobalSection
	GlobalSection(ExtensibilityGlobals) = postSolution
		SolutionGuid = {E7896567-92DD-4F7D-AD09-C5EA391EE5B1}
	EndGlobalSection
EndGlobal
