
Microsoft Visual Studio Solution File, Format Version 12.00
# Visual Studio Version 16
VisualStudioVersion = 16.0.29418.71
MinimumVisualStudioVersion = 10.0.40219.1
Project("{FAE04EC0-301F-11D3-BF4B-00C04F79EFBC}") = "1028조별", "1028조별\1028조별.csproj", "{84498FE9-3EBB-4077-BD66-A040C6DDBE86}"
EndProject
Global
	GlobalSection(SolutionConfigurationPlatforms) = preSolution
		Debug|Any CPU = Debug|Any CPU
		Release|Any CPU = Release|Any CPU
	EndGlobalSection
	GlobalSection(ProjectConfigurationPlatforms) = postSolution
		{84498FE9-3EBB-4077-BD66-A040C6DDBE86}.Debug|Any CPU.ActiveCfg = Debug|Any CPU
		{84498FE9-3EBB-4077-BD66-A040C6DDBE86}.Debug|Any CPU.Build.0 = Debug|Any CPU
		{84498FE9-3EBB-4077-BD66-A040C6DDBE86}.Release|Any CPU.ActiveCfg = Release|Any CPU
		{84498FE9-3EBB-4077-BD66-A040C6DDBE86}.Release|Any CPU.Build.0 = Release|Any CPU
	EndGlobalSection
	GlobalSection(SolutionProperties) = preSolution
		HideSolutionNode = FALSE
	EndGlobalSection
	GlobalSection(ExtensibilityGlobals) = postSolution
		SolutionGuid = {28CAC045-E064-4D56-89E9-857D41F73037}
	EndGlobalSection
EndGlobal
